
Microsoft Visual Studio Solution File, Format Version 12.00
# Visual Studio Version 17
VisualStudioVersion = 17.3.32929.385
MinimumVisualStudioVersion = 10.0.40219.1
Project("{FAE04EC0-301F-11D3-BF4B-00C04F79EFBC}") = "lab_3.3", "lab_3.3\lab_3.3.csproj", "{6AC5D652-C1CB-45D6-893C-9BDE9C644B39}"
EndProject
Global
	GlobalSection(SolutionConfigurationPlatforms) = preSolution
		Debug|Any CPU = Debug|Any CPU
		Release|Any CPU = Release|Any CPU
	EndGlobalSection
	GlobalSection(ProjectConfigurationPlatforms) = postSolution
		{6AC5D652-C1CB-45D6-893C-9BDE9C644B39}.Debug|Any CPU.ActiveCfg = Debug|Any CPU
		{6AC5D652-C1CB-45D6-893C-9BDE9C644B39}.Debug|Any CPU.Build.0 = Debug|Any CPU
		{6AC5D652-C1CB-45D6-893C-9BDE9C644B39}.Release|Any CPU.ActiveCfg = Release|Any CPU
		{6AC5D652-C1CB-45D6-893C-9BDE9C644B39}.Release|Any CPU.Build.0 = Release|Any CPU
	EndGlobalSection
	GlobalSection(SolutionProperties) = preSolution
		HideSolutionNode = FALSE
	EndGlobalSection
	GlobalSection(ExtensibilityGlobals) = postSolution
		SolutionGuid = {BDFD1CA6-DFE8-45D0-A5F1-695BC1D7F815}
	EndGlobalSection
EndGlobal
